
Microsoft Visual Studio Solution File, Format Version 12.00
# Visual Studio Version 16
VisualStudioVersion = 16.0.31005.135
MinimumVisualStudioVersion = 10.0.40219.1
Project("{FAE04EC0-301F-11D3-BF4B-00C04F79EFBC}") = "Usermaintenance", "Usermaintenance\Usermaintenance.csproj", "{2B7C10FA-3A46-4AA1-A4F2-8C639B2CC768}"
EndProject
Global
	GlobalSection(SolutionConfigurationPlatforms) = preSolution
		Debug|Any CPU = Debug|Any CPU
		Release|Any CPU = Release|Any CPU
	EndGlobalSection
	GlobalSection(ProjectConfigurationPlatforms) = postSolution
		{2B7C10FA-3A46-4AA1-A4F2-8C639B2CC768}.Debug|Any CPU.ActiveCfg = Debug|Any CPU
		{2B7C10FA-3A46-4AA1-A4F2-8C639B2CC768}.Debug|Any CPU.Build.0 = Debug|Any CPU
		{2B7C10FA-3A46-4AA1-A4F2-8C639B2CC768}.Release|Any CPU.ActiveCfg = Release|Any CPU
		{2B7C10FA-3A46-4AA1-A4F2-8C639B2CC768}.Release|Any CPU.Build.0 = Release|Any CPU
	EndGlobalSection
	GlobalSection(SolutionProperties) = preSolution
		HideSolutionNode = FALSE
	EndGlobalSection
	GlobalSection(ExtensibilityGlobals) = postSolution
		SolutionGuid = {12C4B496-CE3D-4AF0-827C-D1C0DF0267FC}
	EndGlobalSection
EndGlobal
